// !$*UTF8*$!
{
	archiveVersion = 1;
	classes = {
	};
	objectVersion = 46;
	objects = {

/* Begin PBXBuildFile section */
		410A10911C789A04003A046A /* AppDelegate.swift in Sources */ = {isa = PBXBuildFile; fileRef = 410A10901C789A04003A046A /* AppDelegate.swift */; };
		410A10931C789A04003A046A /* FirstViewController.swift in Sources */ = {isa = PBXBuildFile; fileRef = 410A10921C789A04003A046A /* FirstViewController.swift */; };
		410A10951C789A04003A046A /* SecondViewController.swift in Sources */ = {isa = PBXBuildFile; fileRef = 410A10941C789A04003A046A /* SecondViewController.swift */; };
		410A10981C789A04003A046A /* Main.storyboard in Resources */ = {isa = PBXBuildFile; fileRef = 410A10961C789A04003A046A /* Main.storyboard */; };
		410A109A1C789A04003A046A /* Images.xcassets in Resources */ = {isa = PBXBuildFile; fileRef = 410A10991C789A04003A046A /* Images.xcassets */; };
		410A109D1C789A04003A046A /* LaunchScreen.xib in Resources */ = {isa = PBXBuildFile; fileRef = 410A109B1C789A04003A046A /* LaunchScreen.xib */; };
		410A10A91C789A04003A046A /* railawayIOSTests.swift in Sources */ = {isa = PBXBuildFile; fileRef = 410A10A81C789A04003A046A /* railawayIOSTests.swift */; };
		41C38FD41C79D29100BD5F27 /* AsyncButton.swift in Sources */ = {isa = PBXBuildFile; fileRef = 41C38FB61C79D29100BD5F27 /* AsyncButton.swift */; };
		41C38FD51C79D29100BD5F27 /* AsyncImageView.swift in Sources */ = {isa = PBXBuildFile; fileRef = 41C38FB71C79D29100BD5F27 /* AsyncImageView.swift */; };
		41C38FD61C79D29100BD5F27 /* AutoTextView.swift in Sources */ = {isa = PBXBuildFile; fileRef = 41C38FB81C79D29100BD5F27 /* AutoTextView.swift */; };
		41C38FD71C79D29100BD5F27 /* BlurView.swift in Sources */ = {isa = PBXBuildFile; fileRef = 41C38FB91C79D29100BD5F27 /* BlurView.swift */; };
		41C38FD81C79D29100BD5F27 /* DesignableButton.swift in Sources */ = {isa = PBXBuildFile; fileRef = 41C38FBA1C79D29100BD5F27 /* DesignableButton.swift */; };
		41C38FD91C79D29100BD5F27 /* DesignableImageView.swift in Sources */ = {isa = PBXBuildFile; fileRef = 41C38FBB1C79D29100BD5F27 /* DesignableImageView.swift */; };
		41C38FDA1C79D29100BD5F27 /* DesignableLabel.swift in Sources */ = {isa = PBXBuildFile; fileRef = 41C38FBC1C79D29100BD5F27 /* DesignableLabel.swift */; };
		41C38FDB1C79D29100BD5F27 /* DesignableTabBarController.swift in Sources */ = {isa = PBXBuildFile; fileRef = 41C38FBD1C79D29100BD5F27 /* DesignableTabBarController.swift */; };
		41C38FDC1C79D29100BD5F27 /* DesignableTextField.swift in Sources */ = {isa = PBXBuildFile; fileRef = 41C38FBE1C79D29100BD5F27 /* DesignableTextField.swift */; };
		41C38FDD1C79D29100BD5F27 /* DesignableTextView.swift in Sources */ = {isa = PBXBuildFile; fileRef = 41C38FBF1C79D29100BD5F27 /* DesignableTextView.swift */; };
		41C38FDE1C79D29100BD5F27 /* DesignableView.swift in Sources */ = {isa = PBXBuildFile; fileRef = 41C38FC01C79D29100BD5F27 /* DesignableView.swift */; };
		41C38FDF1C79D29100BD5F27 /* ImageLoader.swift in Sources */ = {isa = PBXBuildFile; fileRef = 41C38FC11C79D29100BD5F27 /* ImageLoader.swift */; };
		41C38FE01C79D29100BD5F27 /* Info.plist in Resources */ = {isa = PBXBuildFile; fileRef = 41C38FC21C79D29100BD5F27 /* Info.plist */; };
		41C38FE11C79D29100BD5F27 /* KeyboardLayoutConstraint.swift in Sources */ = {isa = PBXBuildFile; fileRef = 41C38FC31C79D29100BD5F27 /* KeyboardLayoutConstraint.swift */; };
		41C38FE21C79D29100BD5F27 /* LoadingView.swift in Sources */ = {isa = PBXBuildFile; fileRef = 41C38FC41C79D29100BD5F27 /* LoadingView.swift */; };
		41C38FE31C79D29100BD5F27 /* LoadingView.xib in Resources */ = {isa = PBXBuildFile; fileRef = 41C38FC51C79D29100BD5F27 /* LoadingView.xib */; };
		41C38FE41C79D29100BD5F27 /* Misc.swift in Sources */ = {isa = PBXBuildFile; fileRef = 41C38FC61C79D29100BD5F27 /* Misc.swift */; };
		41C38FE51C79D29100BD5F27 /* SoundPlayer.swift in Sources */ = {isa = PBXBuildFile; fileRef = 41C38FC71C79D29100BD5F27 /* SoundPlayer.swift */; };
		41C38FE61C79D29100BD5F27 /* Spring.swift in Sources */ = {isa = PBXBuildFile; fileRef = 41C38FC91C79D29100BD5F27 /* Spring.swift */; };
		41C38FE71C79D29100BD5F27 /* SpringAnimation.swift in Sources */ = {isa = PBXBuildFile; fileRef = 41C38FCA1C79D29100BD5F27 /* SpringAnimation.swift */; };
		41C38FE81C79D29100BD5F27 /* SpringButton.swift in Sources */ = {isa = PBXBuildFile; fileRef = 41C38FCB1C79D29100BD5F27 /* SpringButton.swift */; };
		41C38FE91C79D29100BD5F27 /* SpringImageView.swift in Sources */ = {isa = PBXBuildFile; fileRef = 41C38FCC1C79D29100BD5F27 /* SpringImageView.swift */; };
		41C38FEA1C79D29100BD5F27 /* SpringLabel.swift in Sources */ = {isa = PBXBuildFile; fileRef = 41C38FCD1C79D29100BD5F27 /* SpringLabel.swift */; };
		41C38FEB1C79D29100BD5F27 /* SpringTextField.swift in Sources */ = {isa = PBXBuildFile; fileRef = 41C38FCE1C79D29100BD5F27 /* SpringTextField.swift */; };
		41C38FEC1C79D29100BD5F27 /* SpringTextView.swift in Sources */ = {isa = PBXBuildFile; fileRef = 41C38FCF1C79D29100BD5F27 /* SpringTextView.swift */; };
		41C38FED1C79D29100BD5F27 /* SpringView.swift in Sources */ = {isa = PBXBuildFile; fileRef = 41C38FD01C79D29100BD5F27 /* SpringView.swift */; };
		41C38FEE1C79D29100BD5F27 /* TransitionManager.swift in Sources */ = {isa = PBXBuildFile; fileRef = 41C38FD11C79D29100BD5F27 /* TransitionManager.swift */; };
		41C38FEF1C79D29100BD5F27 /* TransitionZoom.swift in Sources */ = {isa = PBXBuildFile; fileRef = 41C38FD21C79D29100BD5F27 /* TransitionZoom.swift */; };
		41C38FF01C79D29100BD5F27 /* UnwindSegue.swift in Sources */ = {isa = PBXBuildFile; fileRef = 41C38FD31C79D29100BD5F27 /* UnwindSegue.swift */; };
/* End PBXBuildFile section */

/* Begin PBXContainerItemProxy section */
		410A10A31C789A04003A046A /* PBXContainerItemProxy */ = {
			isa = PBXContainerItemProxy;
			containerPortal = 410A10831C789A04003A046A /* Project object */;
			proxyType = 1;
			remoteGlobalIDString = 410A108A1C789A04003A046A;
			remoteInfo = railawayIOS;
		};
/* End PBXContainerItemProxy section */

/* Begin PBXFileReference section */
		410A108B1C789A04003A046A /* railawayIOS.app */ = {isa = PBXFileReference; explicitFileType = wrapper.application; includeInIndex = 0; path = railawayIOS.app; sourceTree = BUILT_PRODUCTS_DIR; };
		410A108F1C789A04003A046A /* Info.plist */ = {isa = PBXFileReference; lastKnownFileType = text.plist.xml; path = Info.plist; sourceTree = "<group>"; };
		410A10901C789A04003A046A /* AppDelegate.swift */ = {isa = PBXFileReference; lastKnownFileType = sourcecode.swift; path = AppDelegate.swift; sourceTree = "<group>"; };
		410A10921C789A04003A046A /* FirstViewController.swift */ = {isa = PBXFileReference; lastKnownFileType = sourcecode.swift; path = FirstViewController.swift; sourceTree = "<group>"; };
		410A10941C789A04003A046A /* SecondViewController.swift */ = {isa = PBXFileReference; lastKnownFileType = sourcecode.swift; path = SecondViewController.swift; sourceTree = "<group>"; };
		410A10971C789A04003A046A /* Base */ = {isa = PBXFileReference; lastKnownFileType = file.storyboard; name = Base; path = Base.lproj/Main.storyboard; sourceTree = "<group>"; };
		410A10991C789A04003A046A /* Images.xcassets */ = {isa = PBXFileReference; lastKnownFileType = folder.assetcatalog; path = Images.xcassets; sourceTree = "<group>"; };
		410A109C1C789A04003A046A /* Base */ = {isa = PBXFileReference; lastKnownFileType = file.xib; name = Base; path = Base.lproj/LaunchScreen.xib; sourceTree = "<group>"; };
		410A10A21C789A04003A046A /* railawayIOSTests.xctest */ = {isa = PBXFileReference; explicitFileType = wrapper.cfbundle; includeInIndex = 0; path = railawayIOSTests.xctest; sourceTree = BUILT_PRODUCTS_DIR; };
		410A10A71C789A04003A046A /* Info.plist */ = {isa = PBXFileReference; lastKnownFileType = text.plist.xml; path = Info.plist; sourceTree = "<group>"; };
		410A10A81C789A04003A046A /* railawayIOSTests.swift */ = {isa = PBXFileReference; lastKnownFileType = sourcecode.swift; path = railawayIOSTests.swift; sourceTree = "<group>"; };
		41C38FB61C79D29100BD5F27 /* AsyncButton.swift */ = {isa = PBXFileReference; fileEncoding = 4; lastKnownFileType = sourcecode.swift; path = AsyncButton.swift; sourceTree = "<group>"; };
		41C38FB71C79D29100BD5F27 /* AsyncImageView.swift */ = {isa = PBXFileReference; fileEncoding = 4; lastKnownFileType = sourcecode.swift; path = AsyncImageView.swift; sourceTree = "<group>"; };
		41C38FB81C79D29100BD5F27 /* AutoTextView.swift */ = {isa = PBXFileReference; fileEncoding = 4; lastKnownFileType = sourcecode.swift; path = AutoTextView.swift; sourceTree = "<group>"; };
		41C38FB91C79D29100BD5F27 /* BlurView.swift */ = {isa = PBXFileReference; fileEncoding = 4; lastKnownFileType = sourcecode.swift; path = BlurView.swift; sourceTree = "<group>"; };
		41C38FBA1C79D29100BD5F27 /* DesignableButton.swift */ = {isa = PBXFileReference; fileEncoding = 4; lastKnownFileType = sourcecode.swift; path = DesignableButton.swift; sourceTree = "<group>"; };
		41C38FBB1C79D29100BD5F27 /* DesignableImageView.swift */ = {isa = PBXFileReference; fileEncoding = 4; lastKnownFileType = sourcecode.swift; path = DesignableImageView.swift; sourceTree = "<group>"; };
		41C38FBC1C79D29100BD5F27 /* DesignableLabel.swift */ = {isa = PBXFileReference; fileEncoding = 4; lastKnownFileType = sourcecode.swift; path = DesignableLabel.swift; sourceTree = "<group>"; };
		41C38FBD1C79D29100BD5F27 /* DesignableTabBarController.swift */ = {isa = PBXFileReference; fileEncoding = 4; lastKnownFileType = sourcecode.swift; path = DesignableTabBarController.swift; sourceTree = "<group>"; };
		41C38FBE1C79D29100BD5F27 /* DesignableTextField.swift */ = {isa = PBXFileReference; fileEncoding = 4; lastKnownFileType = sourcecode.swift; path = DesignableTextField.swift; sourceTree = "<group>"; };
		41C38FBF1C79D29100BD5F27 /* DesignableTextView.swift */ = {isa = PBXFileReference; fileEncoding = 4; lastKnownFileType = sourcecode.swift; path = DesignableTextView.swift; sourceTree = "<group>"; };
		41C38FC01C79D29100BD5F27 /* DesignableView.swift */ = {isa = PBXFileReference; fileEncoding = 4; lastKnownFileType = sourcecode.swift; path = DesignableView.swift; sourceTree = "<group>"; };
		41C38FC11C79D29100BD5F27 /* ImageLoader.swift */ = {isa = PBXFileReference; fileEncoding = 4; lastKnownFileType = sourcecode.swift; path = ImageLoader.swift; sourceTree = "<group>"; };
		41C38FC21C79D29100BD5F27 /* Info.plist */ = {isa = PBXFileReference; fileEncoding = 4; lastKnownFileType = text.plist.xml; path = Info.plist; sourceTree = "<group>"; };
		41C38FC31C79D29100BD5F27 /* KeyboardLayoutConstraint.swift */ = {isa = PBXFileReference; fileEncoding = 4; lastKnownFileType = sourcecode.swift; path = KeyboardLayoutConstraint.swift; sourceTree = "<group>"; };
		41C38FC41C79D29100BD5F27 /* LoadingView.swift */ = {isa = PBXFileReference; fileEncoding = 4; lastKnownFileType = sourcecode.swift; path = LoadingView.swift; sourceTree = "<group>"; };
		41C38FC51C79D29100BD5F27 /* LoadingView.xib */ = {isa = PBXFileReference; fileEncoding = 4; lastKnownFileType = file.xib; path = LoadingView.xib; sourceTree = "<group>"; };
		41C38FC61C79D29100BD5F27 /* Misc.swift */ = {isa = PBXFileReference; fileEncoding = 4; lastKnownFileType = sourcecode.swift; path = Misc.swift; sourceTree = "<group>"; };
		41C38FC71C79D29100BD5F27 /* SoundPlayer.swift */ = {isa = PBXFileReference; fileEncoding = 4; lastKnownFileType = sourcecode.swift; path = SoundPlayer.swift; sourceTree = "<group>"; };
		41C38FC81C79D29100BD5F27 /* Spring.h */ = {isa = PBXFileReference; fileEncoding = 4; lastKnownFileType = sourcecode.c.h; path = Spring.h; sourceTree = "<group>"; };
		41C38FC91C79D29100BD5F27 /* Spring.swift */ = {isa = PBXFileReference; fileEncoding = 4; lastKnownFileType = sourcecode.swift; path = Spring.swift; sourceTree = "<group>"; };
		41C38FCA1C79D29100BD5F27 /* SpringAnimation.swift */ = {isa = PBXFileReference; fileEncoding = 4; lastKnownFileType = sourcecode.swift; path = SpringAnimation.swift; sourceTree = "<group>"; };
		41C38FCB1C79D29100BD5F27 /* SpringButton.swift */ = {isa = PBXFileReference; fileEncoding = 4; lastKnownFileType = sourcecode.swift; path = SpringButton.swift; sourceTree = "<group>"; };
		41C38FCC1C79D29100BD5F27 /* SpringImageView.swift */ = {isa = PBXFileReference; fileEncoding = 4; lastKnownFileType = sourcecode.swift; path = SpringImageView.swift; sourceTree = "<group>"; };
		41C38FCD1C79D29100BD5F27 /* SpringLabel.swift */ = {isa = PBXFileReference; fileEncoding = 4; lastKnownFileType = sourcecode.swift; path = SpringLabel.swift; sourceTree = "<group>"; };
		41C38FCE1C79D29100BD5F27 /* SpringTextField.swift */ = {isa = PBXFileReference; fileEncoding = 4; lastKnownFileType = sourcecode.swift; path = SpringTextField.swift; sourceTree = "<group>"; };
		41C38FCF1C79D29100BD5F27 /* SpringTextView.swift */ = {isa = PBXFileReference; fileEncoding = 4; lastKnownFileType = sourcecode.swift; path = SpringTextView.swift; sourceTree = "<group>"; };
		41C38FD01C79D29100BD5F27 /* SpringView.swift */ = {isa = PBXFileReference; fileEncoding = 4; lastKnownFileType = sourcecode.swift; path = SpringView.swift; sourceTree = "<group>"; };
		41C38FD11C79D29100BD5F27 /* TransitionManager.swift */ = {isa = PBXFileReference; fileEncoding = 4; lastKnownFileType = sourcecode.swift; path = TransitionManager.swift; sourceTree = "<group>"; };
		41C38FD21C79D29100BD5F27 /* TransitionZoom.swift */ = {isa = PBXFileReference; fileEncoding = 4; lastKnownFileType = sourcecode.swift; path = TransitionZoom.swift; sourceTree = "<group>"; };
		41C38FD31C79D29100BD5F27 /* UnwindSegue.swift */ = {isa = PBXFileReference; fileEncoding = 4; lastKnownFileType = sourcecode.swift; path = UnwindSegue.swift; sourceTree = "<group>"; };
/* End PBXFileReference section */

/* Begin PBXFrameworksBuildPhase section */
		410A10881C789A04003A046A /* Frameworks */ = {
			isa = PBXFrameworksBuildPhase;
			buildActionMask = 2147483647;
			files = (
			);
			runOnlyForDeploymentPostprocessing = 0;
		};
		410A109F1C789A04003A046A /* Frameworks */ = {
			isa = PBXFrameworksBuildPhase;
			buildActionMask = 2147483647;
			files = (
			);
			runOnlyForDeploymentPostprocessing = 0;
		};
/* End PBXFrameworksBuildPhase section */

/* Begin PBXGroup section */
		410A10821C789A04003A046A = {
			isa = PBXGroup;
			children = (
				410A108D1C789A04003A046A /* railawayIOS */,
				410A10A51C789A04003A046A /* railawayIOSTests */,
				410A108C1C789A04003A046A /* Products */,
			);
			sourceTree = "<group>";
		};
		410A108C1C789A04003A046A /* Products */ = {
			isa = PBXGroup;
			children = (
				410A108B1C789A04003A046A /* railawayIOS.app */,
				410A10A21C789A04003A046A /* railawayIOSTests.xctest */,
			);
			name = Products;
			sourceTree = "<group>";
		};
		410A108D1C789A04003A046A /* railawayIOS */ = {
			isa = PBXGroup;
			children = (
				410A10901C789A04003A046A /* AppDelegate.swift */,
				410A10921C789A04003A046A /* FirstViewController.swift */,
				410A10941C789A04003A046A /* SecondViewController.swift */,
				410A10961C789A04003A046A /* Main.storyboard */,
				410A10991C789A04003A046A /* Images.xcassets */,
				410A109B1C789A04003A046A /* LaunchScreen.xib */,
				41C38FB51C79D29100BD5F27 /* Spring */,
				410A108E1C789A04003A046A /* Supporting Files */,
			);
			path = railawayIOS;
			sourceTree = "<group>";
		};
		410A108E1C789A04003A046A /* Supporting Files */ = {
			isa = PBXGroup;
			children = (
				410A108F1C789A04003A046A /* Info.plist */,
			);
			name = "Supporting Files";
			sourceTree = "<group>";
		};
		410A10A51C789A04003A046A /* railawayIOSTests */ = {
			isa = PBXGroup;
			children = (
				410A10A81C789A04003A046A /* railawayIOSTests.swift */,
				410A10A61C789A04003A046A /* Supporting Files */,
			);
			path = railawayIOSTests;
			sourceTree = "<group>";
		};
		410A10A61C789A04003A046A /* Supporting Files */ = {
			isa = PBXGroup;
			children = (
				410A10A71C789A04003A046A /* Info.plist */,
			);
			name = "Supporting Files";
			sourceTree = "<group>";
		};
		41C38FB51C79D29100BD5F27 /* Spring */ = {
			isa = PBXGroup;
			children = (
				41C38FB61C79D29100BD5F27 /* AsyncButton.swift */,
				41C38FB71C79D29100BD5F27 /* AsyncImageView.swift */,
				41C38FB81C79D29100BD5F27 /* AutoTextView.swift */,
				41C38FB91C79D29100BD5F27 /* BlurView.swift */,
				41C38FBA1C79D29100BD5F27 /* DesignableButton.swift */,
				41C38FBB1C79D29100BD5F27 /* DesignableImageView.swift */,
				41C38FBC1C79D29100BD5F27 /* DesignableLabel.swift */,
				41C38FBD1C79D29100BD5F27 /* DesignableTabBarController.swift */,
				41C38FBE1C79D29100BD5F27 /* DesignableTextField.swift */,
				41C38FBF1C79D29100BD5F27 /* DesignableTextView.swift */,
				41C38FC01C79D29100BD5F27 /* DesignableView.swift */,
				41C38FC11C79D29100BD5F27 /* ImageLoader.swift */,
				41C38FC21C79D29100BD5F27 /* Info.plist */,
				41C38FC31C79D29100BD5F27 /* KeyboardLayoutConstraint.swift */,
				41C38FC41C79D29100BD5F27 /* LoadingView.swift */,
				41C38FC51C79D29100BD5F27 /* LoadingView.xib */,
				41C38FC61C79D29100BD5F27 /* Misc.swift */,
				41C38FC71C79D29100BD5F27 /* SoundPlayer.swift */,
				41C38FC81C79D29100BD5F27 /* Spring.h */,
				41C38FC91C79D29100BD5F27 /* Spring.swift */,
				41C38FCA1C79D29100BD5F27 /* SpringAnimation.swift */,
				41C38FCB1C79D29100BD5F27 /* SpringButton.swift */,
				41C38FCC1C79D29100BD5F27 /* SpringImageView.swift */,
				41C38FCD1C79D29100BD5F27 /* SpringLabel.swift */,
				41C38FCE1C79D29100BD5F27 /* SpringTextField.swift */,
				41C38FCF1C79D29100BD5F27 /* SpringTextView.swift */,
				41C38FD01C79D29100BD5F27 /* SpringView.swift */,
				41C38FD11C79D29100BD5F27 /* TransitionManager.swift */,
				41C38FD21C79D29100BD5F27 /* TransitionZoom.swift */,
				41C38FD31C79D29100BD5F27 /* UnwindSegue.swift */,
			);
			path = Spring;
			sourceTree = "<group>";
		};
/* End PBXGroup section */

/* Begin PBXNativeTarget section */
		410A108A1C789A04003A046A /* railawayIOS */ = {
			isa = PBXNativeTarget;
			buildConfigurationList = 410A10AC1C789A04003A046A /* Build configuration list for PBXNativeTarget "railawayIOS" */;
			buildPhases = (
				410A10871C789A04003A046A /* Sources */,
				410A10881C789A04003A046A /* Frameworks */,
				410A10891C789A04003A046A /* Resources */,
			);
			buildRules = (
			);
			dependencies = (
			);
			name = railawayIOS;
			productName = railawayIOS;
			productReference = 410A108B1C789A04003A046A /* railawayIOS.app */;
			productType = "com.apple.product-type.application";
		};
		410A10A11C789A04003A046A /* railawayIOSTests */ = {
			isa = PBXNativeTarget;
			buildConfigurationList = 410A10AF1C789A04003A046A /* Build configuration list for PBXNativeTarget "railawayIOSTests" */;
			buildPhases = (
				410A109E1C789A04003A046A /* Sources */,
				410A109F1C789A04003A046A /* Frameworks */,
				410A10A01C789A04003A046A /* Resources */,
			);
			buildRules = (
			);
			dependencies = (
				410A10A41C789A04003A046A /* PBXTargetDependency */,
			);
			name = railawayIOSTests;
			productName = railawayIOSTests;
			productReference = 410A10A21C789A04003A046A /* railawayIOSTests.xctest */;
			productType = "com.apple.product-type.bundle.unit-test";
		};
/* End PBXNativeTarget section */

/* Begin PBXProject section */
		410A10831C789A04003A046A /* Project object */ = {
			isa = PBXProject;
			attributes = {
				LastSwiftUpdateCheck = 0720;
				LastUpgradeCheck = 0720;
				ORGANIZATIONNAME = richardshill;
				TargetAttributes = {
					410A108A1C789A04003A046A = {
						CreatedOnToolsVersion = 6.3.1;
						DevelopmentTeam = D4E9RC9FQ2;
					};
					410A10A11C789A04003A046A = {
						CreatedOnToolsVersion = 6.3.1;
						TestTargetID = 410A108A1C789A04003A046A;
					};
				};
			};
			buildConfigurationList = 410A10861C789A04003A046A /* Build configuration list for PBXProject "railawayIOS" */;
			compatibilityVersion = "Xcode 3.2";
			developmentRegion = English;
			hasScannedForEncodings = 0;
			knownRegions = (
				en,
				Base,
			);
			mainGroup = 410A10821C789A04003A046A;
			productRefGroup = 410A108C1C789A04003A046A /* Products */;
			projectDirPath = "";
			projectRoot = "";
			targets = (
				410A108A1C789A04003A046A /* railawayIOS */,
				410A10A11C789A04003A046A /* railawayIOSTests */,
			);
		};
/* End PBXProject section */

/* Begin PBXResourcesBuildPhase section */
		410A10891C789A04003A046A /* Resources */ = {
			isa = PBXResourcesBuildPhase;
			buildActionMask = 2147483647;
			files = (
				41C38FE01C79D29100BD5F27 /* Info.plist in Resources */,
				410A10981C789A04003A046A /* Main.storyboard in Resources */,
				410A109D1C789A04003A046A /* LaunchScreen.xib in Resources */,
				410A109A1C789A04003A046A /* Images.xcassets in Resources */,
				41C38FE31C79D29100BD5F27 /* LoadingView.xib in Resources */,
			);
			runOnlyForDeploymentPostprocessing = 0;
		};
		410A10A01C789A04003A046A /* Resources */ = {
			isa = PBXResourcesBuildPhase;
			buildActionMask = 2147483647;
			files = (
			);
			runOnlyForDeploymentPostprocessing = 0;
		};
/* End PBXResourcesBuildPhase section */

/* Begin PBXSourcesBuildPhase section */
		410A10871C789A04003A046A /* Sources */ = {
			isa = PBXSourcesBuildPhase;
			buildActionMask = 2147483647;
			files = (
				41C38FDA1C79D29100BD5F27 /* DesignableLabel.swift in Sources */,
				41C38FE91C79D29100BD5F27 /* SpringImageView.swift in Sources */,
				41C38FD61C79D29100BD5F27 /* AutoTextView.swift in Sources */,
				41C38FDF1C79D29100BD5F27 /* ImageLoader.swift in Sources */,
				41C38FE41C79D29100BD5F27 /* Misc.swift in Sources */,
				41C38FD71C79D29100BD5F27 /* BlurView.swift in Sources */,
				41C38FF01C79D29100BD5F27 /* UnwindSegue.swift in Sources */,
				41C38FE21C79D29100BD5F27 /* LoadingView.swift in Sources */,
				41C38FEB1C79D29100BD5F27 /* SpringTextField.swift in Sources */,
				41C38FE61C79D29100BD5F27 /* Spring.swift in Sources */,
				410A10951C789A04003A046A /* SecondViewController.swift in Sources */,
				41C38FE51C79D29100BD5F27 /* SoundPlayer.swift in Sources */,
				41C38FDE1C79D29100BD5F27 /* DesignableView.swift in Sources */,
				41C38FDB1C79D29100BD5F27 /* DesignableTabBarController.swift in Sources */,
				41C38FD81C79D29100BD5F27 /* DesignableButton.swift in Sources */,
				410A10911C789A04003A046A /* AppDelegate.swift in Sources */,
				41C38FEF1C79D29100BD5F27 /* TransitionZoom.swift in Sources */,
				41C38FDC1C79D29100BD5F27 /* DesignableTextField.swift in Sources */,
				41C38FEE1C79D29100BD5F27 /* TransitionManager.swift in Sources */,
				41C38FEA1C79D29100BD5F27 /* SpringLabel.swift in Sources */,
				41C38FD41C79D29100BD5F27 /* AsyncButton.swift in Sources */,
				41C38FD51C79D29100BD5F27 /* AsyncImageView.swift in Sources */,
				41C38FDD1C79D29100BD5F27 /* DesignableTextView.swift in Sources */,
				41C38FED1C79D29100BD5F27 /* SpringView.swift in Sources */,
				41C38FEC1C79D29100BD5F27 /* SpringTextView.swift in Sources */,
				41C38FE11C79D29100BD5F27 /* KeyboardLayoutConstraint.swift in Sources */,
				41C38FE81C79D29100BD5F27 /* SpringButton.swift in Sources */,
				41C38FE71C79D29100BD5F27 /* SpringAnimation.swift in Sources */,
				41C38FD91C79D29100BD5F27 /* DesignableImageView.swift in Sources */,
				410A10931C789A04003A046A /* FirstViewController.swift in Sources */,
			);
			runOnlyForDeploymentPostprocessing = 0;
		};
		410A109E1C789A04003A046A /* Sources */ = {
			isa = PBXSourcesBuildPhase;
			buildActionMask = 2147483647;
			files = (
				410A10A91C789A04003A046A /* railawayIOSTests.swift in Sources */,
			);
			runOnlyForDeploymentPostprocessing = 0;
		};
/* End PBXSourcesBuildPhase section */

/* Begin PBXTargetDependency section */
		410A10A41C789A04003A046A /* PBXTargetDependency */ = {
			isa = PBXTargetDependency;
			target = 410A108A1C789A04003A046A /* railawayIOS */;
			targetProxy = 410A10A31C789A04003A046A /* PBXContainerItemProxy */;
		};
/* End PBXTargetDependency section */

/* Begin PBXVariantGroup section */
		410A10961C789A04003A046A /* Main.storyboard */ = {
			isa = PBXVariantGroup;
			children = (
				410A10971C789A04003A046A /* Base */,
			);
			name = Main.storyboard;
			sourceTree = "<group>";
		};
		410A109B1C789A04003A046A /* LaunchScreen.xib */ = {
			isa = PBXVariantGroup;
			children = (
				410A109C1C789A04003A046A /* Base */,
			);
			name = LaunchScreen.xib;
			sourceTree = "<group>";
		};
/* End PBXVariantGroup section */

/* Begin XCBuildConfiguration section */
		410A10AA1C789A04003A046A /* Debug */ = {
			isa = XCBuildConfiguration;
			buildSettings = {
				ALWAYS_SEARCH_USER_PATHS = YES;
				CLANG_CXX_LANGUAGE_STANDARD = "gnu++0x";
				CLANG_CXX_LIBRARY = "libc++";
				CLANG_ENABLE_MODULES = YES;
				CLANG_ENABLE_OBJC_ARC = YES;
				CLANG_WARN_BOOL_CONVERSION = YES;
				CLANG_WARN_CONSTANT_CONVERSION = YES;
				CLANG_WARN_DIRECT_OBJC_ISA_USAGE = YES_ERROR;
				CLANG_WARN_EMPTY_BODY = YES;
				CLANG_WARN_ENUM_CONVERSION = YES;
				CLANG_WARN_INT_CONVERSION = YES;
				CLANG_WARN_OBJC_ROOT_CLASS = YES_ERROR;
				CLANG_WARN_UNREACHABLE_CODE = YES;
				CLANG_WARN__DUPLICATE_METHOD_MATCH = YES;
				"CODE_SIGN_IDENTITY[sdk=iphoneos*]" = "iPhone Developer";
				COPY_PHASE_STRIP = NO;
				DEBUG_INFORMATION_FORMAT = "dwarf-with-dsym";
				ENABLE_STRICT_OBJC_MSGSEND = YES;
				ENABLE_TESTABILITY = YES;
				GCC_C_LANGUAGE_STANDARD = gnu99;
				GCC_DYNAMIC_NO_PIC = NO;
				GCC_NO_COMMON_BLOCKS = YES;
				GCC_OPTIMIZATION_LEVEL = 0;
				GCC_PREPROCESSOR_DEFINITIONS = (
					"DEBUG=1",
					"$(inherited)",
				);
				GCC_SYMBOLS_PRIVATE_EXTERN = NO;
				GCC_WARN_64_TO_32_BIT_CONVERSION = YES;
				GCC_WARN_ABOUT_RETURN_TYPE = YES_ERROR;
				GCC_WARN_UNDECLARED_SELECTOR = YES;
				GCC_WARN_UNINITIALIZED_AUTOS = YES_AGGRESSIVE;
				GCC_WARN_UNUSED_FUNCTION = YES;
				GCC_WARN_UNUSED_VARIABLE = YES;
				IPHONEOS_DEPLOYMENT_TARGET = 8.3;
				MTL_ENABLE_DEBUG_INFO = YES;
				ONLY_ACTIVE_ARCH = YES;
				SDKROOT = iphoneos;
				SWIFT_OPTIMIZATION_LEVEL = "-Onone";
				TARGETED_DEVICE_FAMILY = "1,2";
			};
			name = Debug;
		};
		410A10AB1C789A04003A046A /* Release */ = {
			isa = XCBuildConfiguration;
			buildSettings = {
				ALWAYS_SEARCH_USER_PATHS = YES;
				CLANG_CXX_LANGUAGE_STANDARD = "gnu++0x";
				CLANG_CXX_LIBRARY = "libc++";
				CLANG_ENABLE_MODULES = YES;
				CLANG_ENABLE_OBJC_ARC = YES;
				CLANG_WARN_BOOL_CONVERSION = YES;
				CLANG_WARN_CONSTANT_CONVERSION = YES;
				CLANG_WARN_DIRECT_OBJC_ISA_USAGE = YES_ERROR;
				CLANG_WARN_EMPTY_BODY = YES;
				CLANG_WARN_ENUM_CONVERSION = YES;
				CLANG_WARN_INT_CONVERSION = YES;
				CLANG_WARN_OBJC_ROOT_CLASS = YES_ERROR;
				CLANG_WARN_UNREACHABLE_CODE = YES;
				CLANG_WARN__DUPLICATE_METHOD_MATCH = YES;
				"CODE_SIGN_IDENTITY[sdk=iphoneos*]" = "iPhone Developer";
				COPY_PHASE_STRIP = NO;
				DEBUG_INFORMATION_FORMAT = "dwarf-with-dsym";
				ENABLE_NS_ASSERTIONS = NO;
				ENABLE_STRICT_OBJC_MSGSEND = YES;
				GCC_C_LANGUAGE_STANDARD = gnu99;
				GCC_NO_COMMON_BLOCKS = YES;
				GCC_WARN_64_TO_32_BIT_CONVERSION = YES;
				GCC_WARN_ABOUT_RETURN_TYPE = YES_ERROR;
				GCC_WARN_UNDECLARED_SELECTOR = YES;
				GCC_WARN_UNINITIALIZED_AUTOS = YES_AGGRESSIVE;
				GCC_WARN_UNUSED_FUNCTION = YES;
				GCC_WARN_UNUSED_VARIABLE = YES;
				IPHONEOS_DEPLOYMENT_TARGET = 8.3;
				MTL_ENABLE_DEBUG_INFO = NO;
				SDKROOT = iphoneos;
				TARGETED_DEVICE_FAMILY = "1,2";
				VALIDATE_PRODUCT = YES;
			};
			name = Release;
		};
		410A10AD1C789A04003A046A /* Debug */ = {
			isa = XCBuildConfiguration;
			buildSettings = {
				ALWAYS_SEARCH_USER_PATHS = YES;
				ASSETCATALOG_COMPILER_APPICON_NAME = AppIcon;
				CODE_SIGN_IDENTITY = "iPhone Developer";
				"CODE_SIGN_IDENTITY[sdk=iphoneos*]" = "iPhone Developer";
				INFOPLIST_FILE = railawayIOS/Info.plist;
				LD_RUNPATH_SEARCH_PATHS = "$(inherited) @executable_path/Frameworks";
				PRODUCT_BUNDLE_IDENTIFIER = "co.uk.richardshill.$(PRODUCT_NAME:rfc1034identifier)";
				PRODUCT_NAME = "$(TARGET_NAME)";
				PROVISIONING_PROFILE = "";
			};
			name = Debug;
		};
		410A10AE1C789A04003A046A /* Release */ = {
			isa = XCBuildConfiguration;
			buildSettings = {
				ALWAYS_SEARCH_USER_PATHS = YES;
				ASSETCATALOG_COMPILER_APPICON_NAME = AppIcon;
				CODE_SIGN_IDENTITY = "iPhone Developer";
				"CODE_SIGN_IDENTITY[sdk=iphoneos*]" = "iPhone Developer";
				INFOPLIST_FILE = railawayIOS/Info.plist;
				LD_RUNPATH_SEARCH_PATHS = "$(inherited) @executable_path/Frameworks";
				PRODUCT_BUNDLE_IDENTIFIER = "co.uk.richardshill.$(PRODUCT_NAME:rfc1034identifier)";
				PRODUCT_NAME = "$(TARGET_NAME)";
				PROVISIONING_PROFILE = "";
			};
			name = Release;
		};
		410A10B01C789A04003A046A /* Debug */ = {
			isa = XCBuildConfiguration;
			buildSettings = {
				BUNDLE_LOADER = "$(TEST_HOST)";
				FRAMEWORK_SEARCH_PATHS = (
					"$(SDKROOT)/Developer/Library/Frameworks",
					"$(inherited)",
				);
				GCC_PREPROCESSOR_DEFINITIONS = (
					"DEBUG=1",
					"$(inherited)",
				);
				INFOPLIST_FILE = railawayIOSTests/Info.plist;
				LD_RUNPATH_SEARCH_PATHS = "$(inherited) @executable_path/Frameworks @loader_path/Frameworks";
				PRODUCT_BUNDLE_IDENTIFIER = "co.uk.richardshill.$(PRODUCT_NAME:rfc1034identifier)";
				PRODUCT_NAME = "$(TARGET_NAME)";
				TEST_HOST = "$(BUILT_PRODUCTS_DIR)/railawayIOS.app/railawayIOS";
			};
			name = Debug;
		};
		410A10B11C789A04003A046A /* Release */ = {
			isa = XCBuildConfiguration;
			buildSettings = {
				BUNDLE_LOADER = "$(TEST_HOST)";
				FRAMEWORK_SEARCH_PATHS = (
					"$(SDKROOT)/Developer/Library/Frameworks",
					"$(inherited)",
				);
				INFOPLIST_FILE = railawayIOSTests/Info.plist;
				LD_RUNPATH_SEARCH_PATHS = "$(inherited) @executable_path/Frameworks @loader_path/Frameworks";
				PRODUCT_BUNDLE_IDENTIFIER = "co.uk.richardshill.$(PRODUCT_NAME:rfc1034identifier)";
				PRODUCT_NAME = "$(TARGET_NAME)";
				TEST_HOST = "$(BUILT_PRODUCTS_DIR)/railawayIOS.app/railawayIOS";
			};
			name = Release;
		};
/* End XCBuildConfiguration section */

/* Begin XCConfigurationList section */
		410A10861C789A04003A046A /* Build configuration list for PBXProject "railawayIOS" */ = {
			isa = XCConfigurationList;
			buildConfigurations = (
				410A10AA1C789A04003A046A /* Debug */,
				410A10AB1C789A04003A046A /* Release */,
			);
			defaultConfigurationIsVisible = 0;
			defaultConfigurationName = Release;
		};
		410A10AC1C789A04003A046A /* Build configuration list for PBXNativeTarget "railawayIOS" */ = {
			isa = XCConfigurationList;
			buildConfigurations = (
				410A10AD1C789A04003A046A /* Debug */,
				410A10AE1C789A04003A046A /* Release */,
			);
			defaultConfigurationIsVisible = 0;
			defaultConfigurationName = Release;
		};
		410A10AF1C789A04003A046A /* Build configuration list for PBXNativeTarget "railawayIOSTests" */ = {
			isa = XCConfigurationList;
			buildConfigurations = (
				410A10B01C789A04003A046A /* Debug */,
				410A10B11C789A04003A046A /* Release */,
			);
			defaultConfigurationIsVisible = 0;
			defaultConfigurationName = Release;
		};
/* End XCConfigurationList section */
	};
	rootObject = 410A10831C789A04003A046A /* Project object */;
}
